# This file is generated by running "yarn install" inside your project.
# Manual changes might be lost - proceed with caution!

__metadata:
  version: 8
  cacheKey: 10c0

"@esbuild/aix-ppc64@npm:0.28.0":
  version: 0.28.0
  resolution: "@esbuild/aix-ppc64@npm:0.28.0"
  conditions: os=aix & cpu=ppc64
  languageName: node
  linkType: hard

"@esbuild/android-arm64@npm:0.28.0":
  version: 0.28.0
  resolution: "@esbuild/android-arm64@npm:0.28.0"
  conditions: os=android & cpu=arm64
  languageName: node
  linkType: hard

"@esbuild/android-arm@npm:0.28.0":
  version: 0.28.0
  resolution: "@esbuild/android-arm@npm:0.28.0"
  conditions: os=android & cpu=arm
  languageName: node
  linkType: hard

"@esbuild/android-x64@npm:0.28.0":
  version: 0.28.0
  resolution: "@esbuild/android-x64@npm:0.28.0"
  conditions: os=android & cpu=x64
  languageName: node
  linkType: hard

"@esbuild/darwin-arm64@npm:0.28.0":
  version: 0.28.0
  resolution: "@esbuild/darwin-arm64@npm:0.28.0"
  conditions: os=darwin & cpu=arm64
  languageName: node
  linkType: hard

"@esbuild/darwin-x64@npm:0.28.0":
  version: 0.28.0
  resolution: "@esbuild/darwin-x64@npm:0.28.0"
  conditions: os=darwin & cpu=x64
  languageName: node
  linkType: hard

"@esbuild/freebsd-arm64@npm:0.28.0":
  version: 0.28.0
  resolution: "@esbuild/freebsd-arm64@npm:0.28.0"
  conditions: os=freebsd & cpu=arm64
  languageName: node
  linkType: hard

"@esbuild/freebsd-x64@npm:0.28.0":
  version: 0.28.0
  resolution: "@esbuild/freebsd-x64@npm:0.28.0"
  conditions: os=freebsd & cpu=x64
  languageName: node
  linkType: hard

"@esbuild/linux-arm64@npm:0.28.0":
  version: 0.28.0
  resolution: "@esbuild/linux-arm64@npm:0.28.0"
  conditions: os=linux & cpu=arm64
  languageName: node
  linkType: hard

"@esbuild/linux-arm@npm:0.28.0":
  version: 0.28.0
  resolution: "@esbuild/linux-arm@npm:0.28.0"
  conditions: os=linux & cpu=arm
  languageName: node
  linkType: hard

"@esbuild/linux-ia32@npm:0.28.0":
  version: 0.28.0
  resolution: "@esbuild/linux-ia32@npm:0.28.0"
  conditions: os=linux & cpu=ia32
  languageName: node
  linkType: hard

"@esbuild/linux-loong64@npm:0.28.0":
  version: 0.28.0
  resolution: "@esbuild/linux-loong64@npm:0.28.0"
  conditions: os=linux & cpu=loong64
  languageName: node
  linkType: hard

"@esbuild/linux-mips64el@npm:0.28.0":
  version: 0.28.0
  resolution: "@esbuild/linux-mips64el@npm:0.28.0"
  conditions: os=linux & cpu=mips64el
  languageName: node
  linkType: hard

"@esbuild/linux-ppc64@npm:0.28.0":
  version: 0.28.0
  resolution: "@esbuild/linux-ppc64@npm:0.28.0"
  conditions: os=linux & cpu=ppc64
  languageName: node
  linkType: hard

"@esbuild/linux-riscv64@npm:0.28.0":
  version: 0.28.0
  resolution: "@esbuild/linux-riscv64@npm:0.28.0"
  conditions: os=linux & cpu=riscv64
  languageName: node
  linkType: hard

"@esbuild/linux-s390x@npm:0.28.0":
  version: 0.28.0
  resolution: "@esbuild/linux-s390x@npm:0.28.0"
  conditions: os=linux & cpu=s390x
  languageName: node
  linkType: hard

"@esbuild/linux-x64@npm:0.28.0":
  version: 0.28.0
  resolution: "@esbuild/linux-x64@npm:0.28.0"
  conditions: os=linux & cpu=x64
  languageName: node
  linkType: hard

"@esbuild/netbsd-arm64@npm:0.28.0":
  version: 0.28.0
  resolution: "@esbuild/netbsd-arm64@npm:0.28.0"
  conditions: os=netbsd & cpu=arm64
  languageName: node
  linkType: hard

"@esbuild/netbsd-x64@npm:0.28.0":
  version: 0.28.0
  resolution: "@esbuild/netbsd-x64@npm:0.28.0"
  conditions: os=netbsd & cpu=x64
  languageName: node
  linkType: hard

"@esbuild/openbsd-arm64@npm:0.28.0":
  version: 0.28.0
  resolution: "@esbuild/openbsd-arm64@npm:0.28.0"
  conditions: os=openbsd & cpu=arm64
  languageName: node
  linkType: hard

"@esbuild/openbsd-x64@npm:0.28.0":
  version: 0.28.0
  resolution: "@esbuild/openbsd-x64@npm:0.28.0"
  conditions: os=openbsd & cpu=x64
  languageName: node
  linkType: hard

"@esbuild/openharmony-arm64@npm:0.28.0":
  version: 0.28.0
  resolution: "@esbuild/openharmony-arm64@npm:0.28.0"
  conditions: os=openharmony & cpu=arm64
  languageName: node
  linkType: hard

"@esbuild/sunos-x64@npm:0.28.0":
  version: 0.28.0
  resolution: "@esbuild/sunos-x64@npm:0.28.0"
  conditions: os=sunos & cpu=x64
  languageName: node
  linkType: hard

"@esbuild/win32-arm64@npm:0.28.0":
  version: 0.28.0
  resolution: "@esbuild/win32-arm64@npm:0.28.0"
  conditions: os=win32 & cpu=arm64
  languageName: node
  linkType: hard

"@esbuild/win32-ia32@npm:0.28.0":
  version: 0.28.0
  resolution: "@esbuild/win32-ia32@npm:0.28.0"
  conditions: os=win32 & cpu=ia32
  languageName: node
  linkType: hard

"@esbuild/win32-x64@npm:0.28.0":
  version: 0.28.0
  resolution: "@esbuild/win32-x64@npm:0.28.0"
  conditions: os=win32 & cpu=x64
  languageName: node
  linkType: hard

"@fortawesome/fontawesome-free@npm:^7.2.0":
  version: 7.2.0
  resolution: "@fortawesome/fontawesome-free@npm:7.2.0"
  checksum: 10c0/fc95989739857a2622c993929c6748c8c7eac3b490b0de6beb843b0b6a5de99f1e99c92901706c73e4da6be9413853a7382dfe82d2313c217489210a5b9965ed
  languageName: node
  linkType: hard

"@gar/promise-retry@npm:^1.0.0":
  version: 1.0.3
  resolution: "@gar/promise-retry@npm:1.0.3"
  checksum: 10c0/885b02c8b0d75b2d215da25f3b639158c4fbe8fefe0d79163304534b9a6d0710db4b7699f7cd3cc1a730792bff04cbe19f4850a62d3e105a663eaeec88f38332
  languageName: node
  linkType: hard

"@hotwired/stimulus@npm:^3.2.2":
  version: 3.2.2
  resolution: "@hotwired/stimulus@npm:3.2.2"
  checksum: 10c0/3793919e353d28424f57d07e6b634bf6e8821c227acfa2a608aaa8bdfe7e80479acef12705168ca866f3c231399f4a939fb0cd089aaae04c406b3d885a3b35ea
  languageName: node
  linkType: hard

"@hotwired/turbo-rails@npm:^8.0.23":
  version: 8.0.23
  resolution: "@hotwired/turbo-rails@npm:8.0.23"
  dependencies:
    "@hotwired/turbo": "npm:^8.0.23"
    "@rails/actioncable": "npm:>=7.0"
  checksum: 10c0/58f46b787674029bc70e7a8efd734036214258805686384c8969d360320c33886c90c4da3c08abee3dc9c3ec2672e9c088d9205a2fe1f8b5fee230ce23cfb188
  languageName: node
  linkType: hard

"@hotwired/turbo@npm:^8.0.23":
  version: 8.0.23
  resolution: "@hotwired/turbo@npm:8.0.23"
  checksum: 10c0/600ba4ba7632e27c3ed9e80a2114715df94302d3d3b72b0a70efcd7c31477b377228a7fad629eeb2e4b2d778bf65571b176fc76a6bc5603dfc814810c0a815d6
  languageName: node
  linkType: hard

"@isaacs/fs-minipass@npm:^4.0.0":
  version: 4.0.1
  resolution: "@isaacs/fs-minipass@npm:4.0.1"
  dependencies:
    minipass: "npm:^7.0.4"
  checksum: 10c0/c25b6dc1598790d5b55c0947a9b7d111cfa92594db5296c3b907e2f533c033666f692a3939eadac17b1c7c40d362d0b0635dc874cbfe3e70db7c2b07cc97a5d2
  languageName: node
  linkType: hard

"@npmcli/agent@npm:^4.0.0":
  version: 4.0.0
  resolution: "@npmcli/agent@npm:4.0.0"
  dependencies:
    agent-base: "npm:^7.1.0"
    http-proxy-agent: "npm:^7.0.0"
    https-proxy-agent: "npm:^7.0.1"
    lru-cache: "npm:^11.2.1"
    socks-proxy-agent: "npm:^8.0.3"
  checksum: 10c0/f7b5ce0f3dd42c3f8c6546e8433573d8049f67ef11ec22aa4704bc41483122f68bf97752e06302c455ead667af5cb753e6a09bff06632bc465c1cfd4c4b75a53
  languageName: node
  linkType: hard

"@npmcli/fs@npm:^5.0.0":
  version: 5.0.0
  resolution: "@npmcli/fs@npm:5.0.0"
  dependencies:
    semver: "npm:^7.3.5"
  checksum: 10c0/26e376d780f60ff16e874a0ac9bc3399186846baae0b6e1352286385ac134d900cc5dafaded77f38d77f86898fc923ae1cee9d7399f0275b1aa24878915d722b
  languageName: node
  linkType: hard

"@npmcli/redact@npm:^4.0.0":
  version: 4.0.0
  resolution: "@npmcli/redact@npm:4.0.0"
  checksum: 10c0/a1e9ba9c70a6b40e175bda2c3dd8cfdaf096e6b7f7a132c855c083c8dfe545c3237cd56702e2e6627a580b1d63373599d49a1192c4078a85bf47bbde824df31c
  languageName: node
  linkType: hard

"@parcel/watcher-android-arm64@npm:2.5.6":
  version: 2.5.6
  resolution: "@parcel/watcher-android-arm64@npm:2.5.6"
  conditions: os=android & cpu=arm64
  languageName: node
  linkType: hard

"@parcel/watcher-darwin-arm64@npm:2.5.6":
  version: 2.5.6
  resolution: "@parcel/watcher-darwin-arm64@npm:2.5.6"
  conditions: os=darwin & cpu=arm64
  languageName: node
  linkType: hard

"@parcel/watcher-darwin-x64@npm:2.5.6":
  version: 2.5.6
  resolution: "@parcel/watcher-darwin-x64@npm:2.5.6"
  conditions: os=darwin & cpu=x64
  languageName: node
  linkType: hard

"@parcel/watcher-freebsd-x64@npm:2.5.6":
  version: 2.5.6
  resolution: "@parcel/watcher-freebsd-x64@npm:2.5.6"
  conditions: os=freebsd & cpu=x64
  languageName: node
  linkType: hard

"@parcel/watcher-linux-arm-glibc@npm:2.5.6":
  version: 2.5.6
  resolution: "@parcel/watcher-linux-arm-glibc@npm:2.5.6"
  conditions: os=linux & cpu=arm & libc=glibc
  languageName: node
  linkType: hard

"@parcel/watcher-linux-arm-musl@npm:2.5.6":
  version: 2.5.6
  resolution: "@parcel/watcher-linux-arm-musl@npm:2.5.6"
  conditions: os=linux & cpu=arm & libc=musl
  languageName: node
  linkType: hard

"@parcel/watcher-linux-arm64-glibc@npm:2.5.6":
  version: 2.5.6
  resolution: "@parcel/watcher-linux-arm64-glibc@npm:2.5.6"
  conditions: os=linux & cpu=arm64 & libc=glibc
  languageName: node
  linkType: hard

"@parcel/watcher-linux-arm64-musl@npm:2.5.6":
  version: 2.5.6
  resolution: "@parcel/watcher-linux-arm64-musl@npm:2.5.6"
  conditions: os=linux & cpu=arm64 & libc=musl
  languageName: node
  linkType: hard

"@parcel/watcher-linux-x64-glibc@npm:2.5.6":
  version: 2.5.6
  resolution: "@parcel/watcher-linux-x64-glibc@npm:2.5.6"
  conditions: os=linux & cpu=x64 & libc=glibc
  languageName: node
  linkType: hard

"@parcel/watcher-linux-x64-musl@npm:2.5.6":
  version: 2.5.6
  resolution: "@parcel/watcher-linux-x64-musl@npm:2.5.6"
  conditions: os=linux & cpu=x64 & libc=musl
  languageName: node
  linkType: hard

"@parcel/watcher-win32-arm64@npm:2.5.6":
  version: 2.5.6
  resolution: "@parcel/watcher-win32-arm64@npm:2.5.6"
  conditions: os=win32 & cpu=arm64
  languageName: node
  linkType: hard

"@parcel/watcher-win32-ia32@npm:2.5.6":
  version: 2.5.6
  resolution: "@parcel/watcher-win32-ia32@npm:2.5.6"
  conditions: os=win32 & cpu=ia32
  languageName: node
  linkType: hard

"@parcel/watcher-win32-x64@npm:2.5.6":
  version: 2.5.6
  resolution: "@parcel/watcher-win32-x64@npm:2.5.6"
  conditions: os=win32 & cpu=x64
  languageName: node
  linkType: hard

"@parcel/watcher@npm:^2.4.1":
  version: 2.5.6
  resolution: "@parcel/watcher@npm:2.5.6"
  dependencies:
    "@parcel/watcher-android-arm64": "npm:2.5.6"
    "@parcel/watcher-darwin-arm64": "npm:2.5.6"
    "@parcel/watcher-darwin-x64": "npm:2.5.6"
    "@parcel/watcher-freebsd-x64": "npm:2.5.6"
    "@parcel/watcher-linux-arm-glibc": "npm:2.5.6"
    "@parcel/watcher-linux-arm-musl": "npm:2.5.6"
    "@parcel/watcher-linux-arm64-glibc": "npm:2.5.6"
    "@parcel/watcher-linux-arm64-musl": "npm:2.5.6"
    "@parcel/watcher-linux-x64-glibc": "npm:2.5.6"
    "@parcel/watcher-linux-x64-musl": "npm:2.5.6"
    "@parcel/watcher-win32-arm64": "npm:2.5.6"
    "@parcel/watcher-win32-ia32": "npm:2.5.6"
    "@parcel/watcher-win32-x64": "npm:2.5.6"
    detect-libc: "npm:^2.0.3"
    is-glob: "npm:^4.0.3"
    node-addon-api: "npm:^7.0.0"
    node-gyp: "npm:latest"
    picomatch: "npm:^4.0.3"
  dependenciesMeta:
    "@parcel/watcher-android-arm64":
      optional: true
    "@parcel/watcher-darwin-arm64":
      optional: true
    "@parcel/watcher-darwin-x64":
      optional: true
    "@parcel/watcher-freebsd-x64":
      optional: true
    "@parcel/watcher-linux-arm-glibc":
      optional: true
    "@parcel/watcher-linux-arm-musl":
      optional: true
    "@parcel/watcher-linux-arm64-glibc":
      optional: true
    "@parcel/watcher-linux-arm64-musl":
      optional: true
    "@parcel/watcher-linux-x64-glibc":
      optional: true
    "@parcel/watcher-linux-x64-musl":
      optional: true
    "@parcel/watcher-win32-arm64":
      optional: true
    "@parcel/watcher-win32-ia32":
      optional: true
    "@parcel/watcher-win32-x64":
      optional: true
  checksum: 10c0/1e1d91f92e94e4640089a7cead243b2b81ca9aa8e1c862a97a25f589e84fbf1ad93abeb503f325c43a8c0e024ae0e74b48ec42c1cd84e8e423a3a87d25ded4f2
  languageName: node
  linkType: hard

"@popperjs/core@npm:^2.11.8":
  version: 2.11.8
  resolution: "@popperjs/core@npm:2.11.8"
  checksum: 10c0/4681e682abc006d25eb380d0cf3efc7557043f53b6aea7a5057d0d1e7df849a00e281cd8ea79c902a35a414d7919621fc2ba293ecec05f413598e0b23d5a1e63
  languageName: node
  linkType: hard

"@rails/actioncable@npm:>=7.0, @rails/actioncable@npm:^8.1.300":
  version: 8.1.300
  resolution: "@rails/actioncable@npm:8.1.300"
  checksum: 10c0/144e6cc6d83e5bc56287ecd3c989c494915f0bf8593eedf7cbf4c10741fa2a1f75e4bcf7963b3e14114a70563a1dd64272580f81ed707b5fbb7e3734a3f3a6a8
  languageName: node
  linkType: hard

"@rails/actiontext@npm:^8.1.300":
  version: 8.1.300
  resolution: "@rails/actiontext@npm:8.1.300"
  dependencies:
    "@rails/activestorage": "npm:>= 8.1.0-alpha"
  peerDependencies:
    trix: ^2.0.0
  checksum: 10c0/0be7c3d183a995310aea2e54c958dbe5dc39283b0314c53385edf2f5743bae93e3fc3f826d10af0470f54e21dbd87087cf550d9621639e63a0c69173b95fe588
  languageName: node
  linkType: hard

"@rails/activestorage@npm:>= 8.1.0-alpha, @rails/activestorage@npm:^8.1.300":
  version: 8.1.300
  resolution: "@rails/activestorage@npm:8.1.300"
  dependencies:
    spark-md5: "npm:^3.0.1"
  checksum: 10c0/eacb07a0bccc98c4586cc34d933e481dd8c0c6c3be155816ea5bd8c1e805c78f4bbb8ad65920760888d881a3aa0d2dd9036b50299cc3d1036ce6b4571387a1fa
  languageName: node
  linkType: hard

"@types/trusted-types@npm:^2.0.7":
  version: 2.0.7
  resolution: "@types/trusted-types@npm:2.0.7"
  checksum: 10c0/4c4855f10de7c6c135e0d32ce462419d8abbbc33713b31d294596c0cc34ae1fa6112a2f9da729c8f7a20707782b0d69da3b1f8df6645b0366d08825ca1522e0c
  languageName: node
  linkType: hard

"Recipedia@workspace:.":
  version: 0.0.0-use.local
  resolution: "Recipedia@workspace:."
  dependencies:
    "@fortawesome/fontawesome-free": "npm:^7.2.0"
    "@hotwired/stimulus": "npm:^3.2.2"
    "@hotwired/turbo-rails": "npm:^8.0.23"
    "@popperjs/core": "npm:^2.11.8"
    "@rails/actioncable": "npm:^8.1.300"
    "@rails/actiontext": "npm:^8.1.300"
    "@rails/activestorage": "npm:^8.1.300"
    autolinker: "npm:^4.1.5"
    autoprefixer: "npm:^10.4.27"
    bootstrap: "npm:^5.3.8"
    bootstrap-icons: "npm:^1.13.1"
    cocoon-js: "npm:^0.0.5"
    coffeescript: "npm:^2.7.0"
    esbuild: "npm:^0.28.0"
    ilyabirman-likely: "npm:^3.2.0"
    jquery: "npm:^4.0.0"
    postcss: "npm:^8.5.8"
    sass: "npm:^1.99.0"
    tesseract.js: "npm:^7.0.0"
    trix: "npm:^2.1.18"
    what-input: "npm:^5.2.12"
  languageName: unknown
  linkType: soft

"abbrev@npm:^4.0.0":
  version: 4.0.0
  resolution: "abbrev@npm:4.0.0"
  checksum: 10c0/b4cc16935235e80702fc90192e349e32f8ef0ed151ef506aa78c81a7c455ec18375c4125414b99f84b2e055199d66383e787675f0bcd87da7a4dbd59f9eac1d5
  languageName: node
  linkType: hard

"agent-base@npm:^7.1.0, agent-base@npm:^7.1.2":
  version: 7.1.4
  resolution: "agent-base@npm:7.1.4"
  checksum: 10c0/c2c9ab7599692d594b6a161559ada307b7a624fa4c7b03e3afdb5a5e31cd0e53269115b620fcab024c5ac6a6f37fa5eb2e004f076ad30f5f7e6b8b671f7b35fe
  languageName: node
  linkType: hard

"autolinker@npm:^4.1.5":
  version: 4.1.5
  resolution: "autolinker@npm:4.1.5"
  dependencies:
    tslib: "npm:^2.8.1"
  checksum: 10c0/64cc4b8047d689eec25391cb836927469dabad605e70b872b8bc3245854340c3ab7a08f0527cb664c79e09fe0c97cd2f885c422830275acc7a914b7df996397f
  languageName: node
  linkType: hard

"autoprefixer@npm:^10.4.27":
  version: 10.4.27
  resolution: "autoprefixer@npm:10.4.27"
  dependencies:
    browserslist: "npm:^4.28.1"
    caniuse-lite: "npm:^1.0.30001774"
    fraction.js: "npm:^5.3.4"
    picocolors: "npm:^1.1.1"
    postcss-value-parser: "npm:^4.2.0"
  peerDependencies:
    postcss: ^8.1.0
  bin:
    autoprefixer: bin/autoprefixer
  checksum: 10c0/698ad9e23436635af1806d4a8b80393020135174d1d4a97eb81887cdddac2f297f198d1d717932db8503b325f9f2dc3accb6e290b2d3ce1a7ddeb947100e5b25
  languageName: node
  linkType: hard

"balanced-match@npm:^4.0.2":
  version: 4.0.4
  resolution: "balanced-match@npm:4.0.4"
  checksum: 10c0/07e86102a3eb2ee2a6a1a89164f29d0dbaebd28f2ca3f5ca786f36b8b23d9e417eb3be45a4acf754f837be5ac0a2317de90d3fcb7f4f4dc95720a1f36b26a17b
  languageName: node
  linkType: hard

"baseline-browser-mapping@npm:^2.10.12":
  version: 2.10.14
  resolution: "baseline-browser-mapping@npm:2.10.14"
  bin:
    baseline-browser-mapping: dist/cli.cjs
  checksum: 10c0/1e595ab3bfb7fa2b453abe93f430b0a3ecbcbdbb3f331689670b93670bf1e329028740a881a423f7c27f8296d506880b25aac60fee7a86c851bcc5eaf80aa0f8
  languageName: node
  linkType: hard

"bmp-js@npm:^0.1.0":
  version: 0.1.0
  resolution: "bmp-js@npm:0.1.0"
  checksum: 10c0/c651bd5936dcf8d67900050fac14dcbe30baf87c3d21c58f4934fcdf46172e152a87d8c0c3ca25caa2b4b2c7780ef3b5fcc6cd20afd8f0351856cadb1bef9694
  languageName: node
  linkType: hard

"bootstrap-icons@npm:^1.13.1":
  version: 1.13.1
  resolution: "bootstrap-icons@npm:1.13.1"
  checksum: 10c0/2c1adeb1796502e67b476ce049c86bc3a7ff7984c61777e056820389a8db5ec6535c12a33f76f3ed52674bca4c01472065a7fbcde6cc384ebb86c2eae51390bd
  languageName: node
  linkType: hard

"bootstrap@npm:^5.3.8":
  version: 5.3.8
  resolution: "bootstrap@npm:5.3.8"
  peerDependencies:
    "@popperjs/core": ^2.11.8
  checksum: 10c0/0039a9df2c3e7bfa04f1abca199c299ff3b75869d578c0cb1721c6f1f203c91531788a5631ecbee01513481979314d0e4ba0d90c2011e6ce18fc2e0bc93e18d9
  languageName: node
  linkType: hard

"brace-expansion@npm:^5.0.5":
  version: 5.0.5
  resolution: "brace-expansion@npm:5.0.5"
  dependencies:
    balanced-match: "npm:^4.0.2"
  checksum: 10c0/4d238e14ed4f5cc9c07285550a41cef23121ca08ba99fa9eb5b55b580dcb6bf868b8210aa10526bdc9f8dc97f33ca2a7259039c4cc131a93042beddb424c48e3
  languageName: node
  linkType: hard

"browserslist@npm:^4.28.1":
  version: 4.28.2
  resolution: "browserslist@npm:4.28.2"
  dependencies:
    baseline-browser-mapping: "npm:^2.10.12"
    caniuse-lite: "npm:^1.0.30001782"
    electron-to-chromium: "npm:^1.5.328"
    node-releases: "npm:^2.0.36"
    update-browserslist-db: "npm:^1.2.3"
  bin:
    browserslist: cli.js
  checksum: 10c0/c0228b6330f785b7fa59d2d360124ec6d9322f96ed9f3ee1f873e33ecc9503a6f0ffc3b71191a28c4ff6e930b753b30043da1c33844a9548f3018d491f09ce60
  languageName: node
  linkType: hard

"cacache@npm:^20.0.1":
  version: 20.0.4
  resolution: "cacache@npm:20.0.4"
  dependencies:
    "@npmcli/fs": "npm:^5.0.0"
    fs-minipass: "npm:^3.0.0"
    glob: "npm:^13.0.0"
    lru-cache: "npm:^11.1.0"
    minipass: "npm:^7.0.3"
    minipass-collect: "npm:^2.0.1"
    minipass-flush: "npm:^1.0.5"
    minipass-pipeline: "npm:^1.2.4"
    p-map: "npm:^7.0.2"
    ssri: "npm:^13.0.0"
  checksum: 10c0/539bf4020e44ba9ca5afc2ec435623ed7e0dd80c020097677e6b4a0545df5cc9d20b473212d01209c8b4aea43c0d095af0bb6da97bcb991642ea6fac0d7c462b
  languageName: node
  linkType: hard

"caniuse-lite@npm:^1.0.30001774, caniuse-lite@npm:^1.0.30001782":
  version: 1.0.30001785
  resolution: "caniuse-lite@npm:1.0.30001785"
  checksum: 10c0/c537e35063f857d3266375d60ed89d46258a912d4b562e7768fb1b02bbc4c36982d4ec7d25451c41e3565640d926a968869e12d9eac3caf444564d857f1f674c
  languageName: node
  linkType: hard

"chokidar@npm:^4.0.0":
  version: 4.0.3
  resolution: "chokidar@npm:4.0.3"
  dependencies:
    readdirp: "npm:^4.0.1"
  checksum: 10c0/a58b9df05bb452f7d105d9e7229ac82fa873741c0c40ddcc7bb82f8a909fbe3f7814c9ebe9bc9a2bef9b737c0ec6e2d699d179048ef06ad3ec46315df0ebe6ad
  languageName: node
  linkType: hard

"chownr@npm:^3.0.0":
  version: 3.0.0
  resolution: "chownr@npm:3.0.0"
  checksum: 10c0/43925b87700f7e3893296c8e9c56cc58f926411cce3a6e5898136daaf08f08b9a8eb76d37d3267e707d0dcc17aed2e2ebdf5848c0c3ce95cf910a919935c1b10
  languageName: node
  linkType: hard

"cocoon-js@npm:^0.0.5":
  version: 0.0.5
  resolution: "cocoon-js@npm:0.0.5"
  dependencies:
    jquery: "npm:^3.2.1"
  checksum: 10c0/19bad99bcd948b0ab40b66cc8073050fa6fe42952474c163b375f7df625a69da8e1bf3020edd28112f2f9731618732dac9cd2400d72121dc60b9bb277c316a2a
  languageName: node
  linkType: hard

"coffeescript@npm:^2.7.0":
  version: 2.7.0
  resolution: "coffeescript@npm:2.7.0"
  bin:
    cake: bin/cake
    coffee: bin/coffee
  checksum: 10c0/c98e4086e5cc26d669949a1b7ca6a14cd9d515885f397ab19a5a6ad1eee0c84a526f7d78b6368c7007adafafb9549b334597a7798bec3f08b218363a97f9685b
  languageName: node
  linkType: hard

"debug@npm:4, debug@npm:^4.3.4":
  version: 4.4.3
  resolution: "debug@npm:4.4.3"
  dependencies:
    ms: "npm:^2.1.3"
  peerDependenciesMeta:
    supports-color:
      optional: true
  checksum: 10c0/d79136ec6c83ecbefd0f6a5593da6a9c91ec4d7ddc4b54c883d6e71ec9accb5f67a1a5e96d00a328196b5b5c86d365e98d8a3a70856aaf16b4e7b1985e67f5a6
  languageName: node
  linkType: hard

"detect-libc@npm:^2.0.3":
  version: 2.1.2
  resolution: "detect-libc@npm:2.1.2"
  checksum: 10c0/acc675c29a5649fa1fb6e255f993b8ee829e510b6b56b0910666949c80c364738833417d0edb5f90e4e46be17228b0f2b66a010513984e18b15deeeac49369c4
  languageName: node
  linkType: hard

"dompurify@npm:^3.2.5":
  version: 3.3.3
  resolution: "dompurify@npm:3.3.3"
  dependencies:
    "@types/trusted-types": "npm:^2.0.7"
  dependenciesMeta:
    "@types/trusted-types":
      optional: true
  checksum: 10c0/097c14a21a3f6cb95beded9ecd255f7c3512c42767b048390c747b0fe35736f6a71e02320fc50a9ac2be645834b463e4760915d595d502a56452daf339d0ea9c
  languageName: node
  linkType: hard

"electron-to-chromium@npm:^1.5.328":
  version: 1.5.331
  resolution: "electron-to-chromium@npm:1.5.331"
  checksum: 10c0/a7687f3bb4df4640bfeac08d1586531624917452bbbbeb67ccf2b07f111e584321e60945da080df664cbb57f272307d7867c8b93e279150ce8385f13d5178c96
  languageName: node
  linkType: hard

"env-paths@npm:^2.2.0":
  version: 2.2.1
  resolution: "env-paths@npm:2.2.1"
  checksum: 10c0/285325677bf00e30845e330eec32894f5105529db97496ee3f598478e50f008c5352a41a30e5e72ec9de8a542b5a570b85699cd63bd2bc646dbcb9f311d83bc4
  languageName: node
  linkType: hard

"esbuild@npm:^0.28.0":
  version: 0.28.0
  resolution: "esbuild@npm:0.28.0"
  dependencies:
    "@esbuild/aix-ppc64": "npm:0.28.0"
    "@esbuild/android-arm": "npm:0.28.0"
    "@esbuild/android-arm64": "npm:0.28.0"
    "@esbuild/android-x64": "npm:0.28.0"
    "@esbuild/darwin-arm64": "npm:0.28.0"
    "@esbuild/darwin-x64": "npm:0.28.0"
    "@esbuild/freebsd-arm64": "npm:0.28.0"
    "@esbuild/freebsd-x64": "npm:0.28.0"
    "@esbuild/linux-arm": "npm:0.28.0"
    "@esbuild/linux-arm64": "npm:0.28.0"
    "@esbuild/linux-ia32": "npm:0.28.0"
    "@esbuild/linux-loong64": "npm:0.28.0"
    "@esbuild/linux-mips64el": "npm:0.28.0"
    "@esbuild/linux-ppc64": "npm:0.28.0"
    "@esbuild/linux-riscv64": "npm:0.28.0"
    "@esbuild/linux-s390x": "npm:0.28.0"
    "@esbuild/linux-x64": "npm:0.28.0"
    "@esbuild/netbsd-arm64": "npm:0.28.0"
    "@esbuild/netbsd-x64": "npm:0.28.0"
    "@esbuild/openbsd-arm64": "npm:0.28.0"
    "@esbuild/openbsd-x64": "npm:0.28.0"
    "@esbuild/openharmony-arm64": "npm:0.28.0"
    "@esbuild/sunos-x64": "npm:0.28.0"
    "@esbuild/win32-arm64": "npm:0.28.0"
    "@esbuild/win32-ia32": "npm:0.28.0"
    "@esbuild/win32-x64": "npm:0.28.0"
  dependenciesMeta:
    "@esbuild/aix-ppc64":
      optional: true
    "@esbuild/android-arm":
      optional: true
    "@esbuild/android-arm64":
      optional: true
    "@esbuild/android-x64":
      optional: true
    "@esbuild/darwin-arm64":
      optional: true
    "@esbuild/darwin-x64":
      optional: true
    "@esbuild/freebsd-arm64":
      optional: true
    "@esbuild/freebsd-x64":
      optional: true
    "@esbuild/linux-arm":
      optional: true
    "@esbuild/linux-arm64":
      optional: true
    "@esbuild/linux-ia32":
      optional: true
    "@esbuild/linux-loong64":
      optional: true
    "@esbuild/linux-mips64el":
      optional: true
    "@esbuild/linux-ppc64":
      optional: true
    "@esbuild/linux-riscv64":
      optional: true
    "@esbuild/linux-s390x":
      optional: true
    "@esbuild/linux-x64":
      optional: true
    "@esbuild/netbsd-arm64":
      optional: true
    "@esbuild/netbsd-x64":
      optional: true
    "@esbuild/openbsd-arm64":
      optional: true
    "@esbuild/openbsd-x64":
      optional: true
    "@esbuild/openharmony-arm64":
      optional: true
    "@esbuild/sunos-x64":
      optional: true
    "@esbuild/win32-arm64":
      optional: true
    "@esbuild/win32-ia32":
      optional: true
    "@esbuild/win32-x64":
      optional: true
  bin:
    esbuild: bin/esbuild
  checksum: 10c0/8acd95c238ec6c4a9d16163277faf228a8994b642d187b3fe667ffbb469008e6748cde144fdc3c175bf8e78ee49e15a0ed9b9f183fdb5fcea1772f87fb1372a4
  languageName: node
  linkType: hard

"escalade@npm:^3.2.0":
  version: 3.2.0
  resolution: "escalade@npm:3.2.0"
  checksum: 10c0/ced4dd3a78e15897ed3be74e635110bbf3b08877b0a41be50dcb325ee0e0b5f65fc2d50e9845194d7c4633f327e2e1c6cce00a71b617c5673df0374201d67f65
  languageName: node
  linkType: hard

"exponential-backoff@npm:^3.1.1":
  version: 3.1.3
  resolution: "exponential-backoff@npm:3.1.3"
  checksum: 10c0/77e3ae682b7b1f4972f563c6dbcd2b0d54ac679e62d5d32f3e5085feba20483cf28bd505543f520e287a56d4d55a28d7874299941faf637e779a1aa5994d1267
  languageName: node
  linkType: hard

"fdir@npm:^6.5.0":
  version: 6.5.0
  resolution: "fdir@npm:6.5.0"
  peerDependencies:
    picomatch: ^3 || ^4
  peerDependenciesMeta:
    picomatch:
      optional: true
  checksum: 10c0/e345083c4306b3aed6cb8ec551e26c36bab5c511e99ea4576a16750ddc8d3240e63826cc624f5ae17ad4dc82e68a253213b60d556c11bfad064b7607847ed07f
  languageName: node
  linkType: hard

"fraction.js@npm:^5.3.4":
  version: 5.3.4
  resolution: "fraction.js@npm:5.3.4"
  checksum: 10c0/f90079fe9bfc665e0a07079938e8ff71115bce9462f17b32fc283f163b0540ec34dc33df8ed41bb56f028316b04361b9a9995b9ee9258617f8338e0b05c5f95a
  languageName: node
  linkType: hard

"fs-minipass@npm:^3.0.0":
  version: 3.0.3
  resolution: "fs-minipass@npm:3.0.3"
  dependencies:
    minipass: "npm:^7.0.3"
  checksum: 10c0/63e80da2ff9b621e2cb1596abcb9207f1cf82b968b116ccd7b959e3323144cce7fb141462200971c38bbf2ecca51695069db45265705bed09a7cd93ae5b89f94
  languageName: node
  linkType: hard

"glob@npm:^13.0.0":
  version: 13.0.6
  resolution: "glob@npm:13.0.6"
  dependencies:
    minimatch: "npm:^10.2.2"
    minipass: "npm:^7.1.3"
    path-scurry: "npm:^2.0.2"
  checksum: 10c0/269c236f11a9b50357fe7a8c6aadac667e01deb5242b19c84975628f05f4438d8ee1354bb62c5d6c10f37fd59911b54d7799730633a2786660d8c69f1d18120a
  languageName: node
  linkType: hard

"graceful-fs@npm:^4.2.6":
  version: 4.2.11
  resolution: "graceful-fs@npm:4.2.11"
  checksum: 10c0/386d011a553e02bc594ac2ca0bd6d9e4c22d7fa8cfbfc448a6d148c59ea881b092db9dbe3547ae4b88e55f1b01f7c4a2ecc53b310c042793e63aa44cf6c257f2
  languageName: node
  linkType: hard

"http-cache-semantics@npm:^4.1.1":
  version: 4.2.0
  resolution: "http-cache-semantics@npm:4.2.0"
  checksum: 10c0/45b66a945cf13ec2d1f29432277201313babf4a01d9e52f44b31ca923434083afeca03f18417f599c9ab3d0e7b618ceb21257542338b57c54b710463b4a53e37
  languageName: node
  linkType: hard

"http-proxy-agent@npm:^7.0.0":
  version: 7.0.2
  resolution: "http-proxy-agent@npm:7.0.2"
  dependencies:
    agent-base: "npm:^7.1.0"
    debug: "npm:^4.3.4"
  checksum: 10c0/4207b06a4580fb85dd6dff521f0abf6db517489e70863dca1a0291daa7f2d3d2d6015a57bd702af068ea5cf9f1f6ff72314f5f5b4228d299c0904135d2aef921
  languageName: node
  linkType: hard

"https-proxy-agent@npm:^7.0.1":
  version: 7.0.6
  resolution: "https-proxy-agent@npm:7.0.6"
  dependencies:
    agent-base: "npm:^7.1.2"
    debug: "npm:4"
  checksum: 10c0/f729219bc735edb621fa30e6e84e60ee5d00802b8247aac0d7b79b0bd6d4b3294737a337b93b86a0bd9e68099d031858a39260c976dc14cdbba238ba1f8779ac
  languageName: node
  linkType: hard

"iconv-lite@npm:^0.7.2":
  version: 0.7.2
  resolution: "iconv-lite@npm:0.7.2"
  dependencies:
    safer-buffer: "npm:>= 2.1.2 < 3.0.0"
  checksum: 10c0/3c228920f3bd307f56bf8363706a776f4a060eb042f131cd23855ceca962951b264d0997ab38a1ad340e1c5df8499ed26e1f4f0db6b2a2ad9befaff22f14b722
  languageName: node
  linkType: hard

"idb-keyval@npm:^6.2.0":
  version: 6.2.2
  resolution: "idb-keyval@npm:6.2.2"
  checksum: 10c0/b52f0d2937cc2ec9f1da536b0b5c0875af3043ca210714beaffead4ec1f44f2ad322220305fd024596203855224d9e3523aed83e971dfb62ddc21b5b1721aeef
  languageName: node
  linkType: hard

"ilyabirman-likely@npm:^3.2.0":
  version: 3.2.0
  resolution: "ilyabirman-likely@npm:3.2.0"
  checksum: 10c0/d5fed3f75a40363833df23997c97c2105bc416e86e590c178bc315592f7006bd2342f3ec6701b64766f93e6259af264ea677307cf3f5dce2ffde1024aa62244d
  languageName: node
  linkType: hard

"immutable@npm:^5.1.5":
  version: 5.1.5
  resolution: "immutable@npm:5.1.5"
  checksum: 10c0/8017ece1578e3c5939ba3305176aee059def1b8a90c7fa2a347ef583ebbd38cbe77ce1bbd786a5fab57e2da00bbcb0493b92e4332cdc4e1fe5cfb09a4688df31
  languageName: node
  linkType: hard

"ip-address@npm:^10.0.1":
  version: 10.1.0
  resolution: "ip-address@npm:10.1.0"
  checksum: 10c0/0103516cfa93f6433b3bd7333fa876eb21263912329bfa47010af5e16934eeeff86f3d2ae700a3744a137839ddfad62b900c7a445607884a49b5d1e32a3d7566
  languageName: node
  linkType: hard

"is-extglob@npm:^2.1.1":
  version: 2.1.1
  resolution: "is-extglob@npm:2.1.1"
  checksum: 10c0/5487da35691fbc339700bbb2730430b07777a3c21b9ebaecb3072512dfd7b4ba78ac2381a87e8d78d20ea08affb3f1971b4af629173a6bf435ff8a4c47747912
  languageName: node
  linkType: hard

"is-glob@npm:^4.0.3":
  version: 4.0.3
  resolution: "is-glob@npm:4.0.3"
  dependencies:
    is-extglob: "npm:^2.1.1"
  checksum: 10c0/17fb4014e22be3bbecea9b2e3a76e9e34ff645466be702f1693e8f1ee1adac84710d0be0bd9f967d6354036fd51ab7c2741d954d6e91dae6bb69714de92c197a
  languageName: node
  linkType: hard

"is-url@npm:^1.2.4":
  version: 1.2.4
  resolution: "is-url@npm:1.2.4"
  checksum: 10c0/0157a79874f8f95fdd63540e3f38c8583c2ef572661cd0693cda80ae3e42dfe8e9a4a972ec1b827f861d9a9acf75b37f7d58a37f94a8a053259642912c252bc3
  languageName: node
  linkType: hard

"isexe@npm:^4.0.0":
  version: 4.0.0
  resolution: "isexe@npm:4.0.0"
  checksum: 10c0/5884815115bceac452877659a9c7726382531592f43dc29e5d48b7c4100661aed54018cb90bd36cb2eaeba521092570769167acbb95c18d39afdccbcca06c5ce
  languageName: node
  linkType: hard

"jquery@npm:^3.2.1":
  version: 3.7.1
  resolution: "jquery@npm:3.7.1"
  checksum: 10c0/808cfbfb758438560224bf26e17fcd5afc7419170230c810dd11f5c1792e2263e2970cca8d659eb84fcd9acc301edb6d310096e450277d54be4f57071b0c82d9
  languageName: node
  linkType: hard

"jquery@npm:^4.0.0":
  version: 4.0.0
  resolution: "jquery@npm:4.0.0"
  checksum: 10c0/06d8d0f51121af5a691f8b59c74823157bb5b60eea915b30eaa920d6c0ffd91e60ba81e9b97bd8203f331f9dd8d0ec9a4b010935ea314bdd2f15453c29bc780b
  languageName: node
  linkType: hard

"lru-cache@npm:^11.0.0, lru-cache@npm:^11.1.0, lru-cache@npm:^11.2.1":
  version: 11.2.7
  resolution: "lru-cache@npm:11.2.7"
  checksum: 10c0/549cdb59488baa617135fc12159cafb1a97f91079f35093bb3bcad72e849fc64ace636d244212c181dfdf1a99bbfa90757ff303f98561958ee4d0f885d9bd5f7
  languageName: node
  linkType: hard

"make-fetch-happen@npm:^15.0.0":
  version: 15.0.5
  resolution: "make-fetch-happen@npm:15.0.5"
  dependencies:
    "@gar/promise-retry": "npm:^1.0.0"
    "@npmcli/agent": "npm:^4.0.0"
    "@npmcli/redact": "npm:^4.0.0"
    cacache: "npm:^20.0.1"
    http-cache-semantics: "npm:^4.1.1"
    minipass: "npm:^7.0.2"
    minipass-fetch: "npm:^5.0.0"
    minipass-flush: "npm:^1.0.5"
    minipass-pipeline: "npm:^1.2.4"
    negotiator: "npm:^1.0.0"
    proc-log: "npm:^6.0.0"
    ssri: "npm:^13.0.0"
  checksum: 10c0/527580eb5e5476e6ad07a4e3bd017d13e935f4be815674b442081ae5a721c13d3af5715006619e6be79a85723067e047f83a0c9e699f41d8cec43609a8de4f7b
  languageName: node
  linkType: hard

"minimatch@npm:^10.2.2":
  version: 10.2.5
  resolution: "minimatch@npm:10.2.5"
  dependencies:
    brace-expansion: "npm:^5.0.5"
  checksum: 10c0/6bb058bd6324104b9ec2f763476a35386d05079c1f5fe4fbf1f324a25237cd4534d6813ecd71f48208f4e635c1221899bef94c3c89f7df55698fe373aaae20fd
  languageName: node
  linkType: hard

"minipass-collect@npm:^2.0.1":
  version: 2.0.1
  resolution: "minipass-collect@npm:2.0.1"
  dependencies:
    minipass: "npm:^7.0.3"
  checksum: 10c0/5167e73f62bb74cc5019594709c77e6a742051a647fe9499abf03c71dca75515b7959d67a764bdc4f8b361cf897fbf25e2d9869ee039203ed45240f48b9aa06e
  languageName: node
  linkType: hard

"minipass-fetch@npm:^5.0.0":
  version: 5.0.2
  resolution: "minipass-fetch@npm:5.0.2"
  dependencies:
    iconv-lite: "npm:^0.7.2"
    minipass: "npm:^7.0.3"
    minipass-sized: "npm:^2.0.0"
    minizlib: "npm:^3.0.1"
  dependenciesMeta:
    iconv-lite:
      optional: true
  checksum: 10c0/ce4ab9f21cfabaead2097d95dd33f485af8072fbc6b19611bce694965393453a1639d641c2bcf1c48f2ea7d41ea7fab8278373f1d0bee4e63b0a5b2cdd0ef649
  languageName: node
  linkType: hard

"minipass-flush@npm:^1.0.5":
  version: 1.0.7
  resolution: "minipass-flush@npm:1.0.7"
  dependencies:
    minipass: "npm:^3.0.0"
  checksum: 10c0/960915c02aa0991662c37c404517dd93708d17f96533b2ca8c1e776d158715d8107c5ced425ffc61674c167d93607f07f48a83c139ce1057f8781e5dfb4b90c2
  languageName: node
  linkType: hard

"minipass-pipeline@npm:^1.2.4":
  version: 1.2.4
  resolution: "minipass-pipeline@npm:1.2.4"
  dependencies:
    minipass: "npm:^3.0.0"
  checksum: 10c0/cbda57cea20b140b797505dc2cac71581a70b3247b84480c1fed5ca5ba46c25ecc25f68bfc9e6dcb1a6e9017dab5c7ada5eab73ad4f0a49d84e35093e0c643f2
  languageName: node
  linkType: hard

"minipass-sized@npm:^2.0.0":
  version: 2.0.0
  resolution: "minipass-sized@npm:2.0.0"
  dependencies:
    minipass: "npm:^7.1.2"
  checksum: 10c0/f9201696a6f6d68610d04c9c83e3d2e5cb9c026aae1c8cbf7e17f386105cb79c1bb088dbc21bf0b1eb4f3fb5df384fd1e7aa3bf1f33868c416ae8c8a92679db8
  languageName: node
  linkType: hard

"minipass@npm:^3.0.0":
  version: 3.3.6
  resolution: "minipass@npm:3.3.6"
  dependencies:
    yallist: "npm:^4.0.0"
  checksum: 10c0/a114746943afa1dbbca8249e706d1d38b85ed1298b530f5808ce51f8e9e941962e2a5ad2e00eae7dd21d8a4aae6586a66d4216d1a259385e9d0358f0c1eba16c
  languageName: node
  linkType: hard

"minipass@npm:^7.0.2, minipass@npm:^7.0.3, minipass@npm:^7.0.4, minipass@npm:^7.1.2, minipass@npm:^7.1.3":
  version: 7.1.3
  resolution: "minipass@npm:7.1.3"
  checksum: 10c0/539da88daca16533211ea5a9ee98dc62ff5742f531f54640dd34429e621955e91cc280a91a776026264b7f9f6735947629f920944e9c1558369e8bf22eb33fbb
  languageName: node
  linkType: hard

"minizlib@npm:^3.0.1, minizlib@npm:^3.1.0":
  version: 3.1.0
  resolution: "minizlib@npm:3.1.0"
  dependencies:
    minipass: "npm:^7.1.2"
  checksum: 10c0/5aad75ab0090b8266069c9aabe582c021ae53eb33c6c691054a13a45db3b4f91a7fb1bd79151e6b4e9e9a86727b522527c0a06ec7d45206b745d54cd3097bcec
  languageName: node
  linkType: hard

"ms@npm:^2.1.3":
  version: 2.1.3
  resolution: "ms@npm:2.1.3"
  checksum: 10c0/d924b57e7312b3b63ad21fc5b3dc0af5e78d61a1fc7cfb5457edaf26326bf62be5307cc87ffb6862ef1c2b33b0233cdb5d4f01c4c958cc0d660948b65a287a48
  languageName: node
  linkType: hard

"nanoid@npm:^3.3.11":
  version: 3.3.11
  resolution: "nanoid@npm:3.3.11"
  bin:
    nanoid: bin/nanoid.cjs
  checksum: 10c0/40e7f70b3d15f725ca072dfc4f74e81fcf1fbb02e491cf58ac0c79093adc9b0a73b152bcde57df4b79cd097e13023d7504acb38404a4da7bc1cd8e887b82fe0b
  languageName: node
  linkType: hard

"negotiator@npm:^1.0.0":
  version: 1.0.0
  resolution: "negotiator@npm:1.0.0"
  checksum: 10c0/4c559dd52669ea48e1914f9d634227c561221dd54734070791f999c52ed0ff36e437b2e07d5c1f6e32909fc625fe46491c16e4a8f0572567d4dd15c3a4fda04b
  languageName: node
  linkType: hard

"node-addon-api@npm:^7.0.0":
  version: 7.1.1
  resolution: "node-addon-api@npm:7.1.1"
  dependencies:
    node-gyp: "npm:latest"
  checksum: 10c0/fb32a206276d608037fa1bcd7e9921e177fe992fc610d098aa3128baca3c0050fc1e014fa007e9b3874cf865ddb4f5bd9f43ccb7cbbbe4efaff6a83e920b17e9
  languageName: node
  linkType: hard

"node-fetch@npm:^2.6.9":
  version: 2.7.0
  resolution: "node-fetch@npm:2.7.0"
  dependencies:
    whatwg-url: "npm:^5.0.0"
  peerDependencies:
    encoding: ^0.1.0
  peerDependenciesMeta:
    encoding:
      optional: true
  checksum: 10c0/b55786b6028208e6fbe594ccccc213cab67a72899c9234eb59dba51062a299ea853210fcf526998eaa2867b0963ad72338824450905679ff0fa304b8c5093ae8
  languageName: node
  linkType: hard

"node-gyp@npm:latest":
  version: 12.2.0
  resolution: "node-gyp@npm:12.2.0"
  dependencies:
    env-paths: "npm:^2.2.0"
    exponential-backoff: "npm:^3.1.1"
    graceful-fs: "npm:^4.2.6"
    make-fetch-happen: "npm:^15.0.0"
    nopt: "npm:^9.0.0"
    proc-log: "npm:^6.0.0"
    semver: "npm:^7.3.5"
    tar: "npm:^7.5.4"
    tinyglobby: "npm:^0.2.12"
    which: "npm:^6.0.0"
  bin:
    node-gyp: bin/node-gyp.js
  checksum: 10c0/3ed046746a5a7d90950cd8b0547332b06598443f31fe213ef4332a7174c7b7d259e1704835feda79b87d3f02e59d7791842aac60642ede4396ab25fdf0f8f759
  languageName: node
  linkType: hard

"node-releases@npm:^2.0.36":
  version: 2.0.37
  resolution: "node-releases@npm:2.0.37"
  checksum: 10c0/306df89190b3225d0cb001260de52f0befd225a782ec85311ce97b0aa3b2e22f5e4e4c00395c6dc9bc9ef440c64723f6205fe1e27d32b8dd1d140891fbadf901
  languageName: node
  linkType: hard

"nopt@npm:^9.0.0":
  version: 9.0.0
  resolution: "nopt@npm:9.0.0"
  dependencies:
    abbrev: "npm:^4.0.0"
  bin:
    nopt: bin/nopt.js
  checksum: 10c0/1822eb6f9b020ef6f7a7516d7b64a8036e09666ea55ac40416c36e4b2b343122c3cff0e2f085675f53de1d2db99a2a89a60ccea1d120bcd6a5347bf6ceb4a7fd
  languageName: node
  linkType: hard

"opencollective-postinstall@npm:^2.0.3":
  version: 2.0.3
  resolution: "opencollective-postinstall@npm:2.0.3"
  bin:
    opencollective-postinstall: index.js
  checksum: 10c0/8a0104a218bc1afaae943f0af378461eeb2836f9848bad872bbd067ec5d1d9791636f307454ab77d0746f10341366f295384656a340ebdb87a2585058e8567e5
  languageName: node
  linkType: hard

"p-map@npm:^7.0.2":
  version: 7.0.4
  resolution: "p-map@npm:7.0.4"
  checksum: 10c0/a5030935d3cb2919d7e89454d1ce82141e6f9955413658b8c9403cfe379283770ed3048146b44cde168aa9e8c716505f196d5689db0ae3ce9a71521a2fef3abd
  languageName: node
  linkType: hard

"path-scurry@npm:^2.0.2":
  version: 2.0.2
  resolution: "path-scurry@npm:2.0.2"
  dependencies:
    lru-cache: "npm:^11.0.0"
    minipass: "npm:^7.1.2"
  checksum: 10c0/b35ad37cf6557a87fd057121ce2be7695380c9138d93e87ae928609da259ea0a170fac6f3ef1eb3ece8a068e8b7f2f3adf5bb2374cf4d4a57fe484954fcc9482
  languageName: node
  linkType: hard

"picocolors@npm:^1.1.1":
  version: 1.1.1
  resolution: "picocolors@npm:1.1.1"
  checksum: 10c0/e2e3e8170ab9d7c7421969adaa7e1b31434f789afb9b3f115f6b96d91945041ac3ceb02e9ec6fe6510ff036bcc0bf91e69a1772edc0b707e12b19c0f2d6bcf58
  languageName: node
  linkType: hard

"picomatch@npm:^4.0.3":
  version: 4.0.4
  resolution: "picomatch@npm:4.0.4"
  checksum: 10c0/e2c6023372cc7b5764719a5ffb9da0f8e781212fa7ca4bd0562db929df8e117460f00dff3cb7509dacfc06b86de924b247f504d0ce1806a37fac4633081466b0
  languageName: node
  linkType: hard

"postcss-value-parser@npm:^4.2.0":
  version: 4.2.0
  resolution: "postcss-value-parser@npm:4.2.0"
  checksum: 10c0/f4142a4f56565f77c1831168e04e3effd9ffcc5aebaf0f538eee4b2d465adfd4b85a44257bb48418202a63806a7da7fe9f56c330aebb3cac898e46b4cbf49161
  languageName: node
  linkType: hard

"postcss@npm:^8.5.8":
  version: 8.5.8
  resolution: "postcss@npm:8.5.8"
  dependencies:
    nanoid: "npm:^3.3.11"
    picocolors: "npm:^1.1.1"
    source-map-js: "npm:^1.2.1"
  checksum: 10c0/dd918f7127ee7c60a0295bae2e72b3787892296e1d1c3c564d7a2a00c68d8df83cadc3178491259daa19ccc54804fb71ed8c937c6787e08d8bd4bedf8d17044c
  languageName: node
  linkType: hard

"proc-log@npm:^6.0.0":
  version: 6.1.0
  resolution: "proc-log@npm:6.1.0"
  checksum: 10c0/4f178d4062733ead9d71a9b1ab24ebcecdfe2250916a5b1555f04fe2eda972a0ec76fbaa8df1ad9c02707add6749219d118a4fc46dc56bdfe4dde4b47d80bb82
  languageName: node
  linkType: hard

"readdirp@npm:^4.0.1":
  version: 4.1.2
  resolution: "readdirp@npm:4.1.2"
  checksum: 10c0/60a14f7619dec48c9c850255cd523e2717001b0e179dc7037cfa0895da7b9e9ab07532d324bfb118d73a710887d1e35f79c495fa91582784493e085d18c72c62
  languageName: node
  linkType: hard

"regenerator-runtime@npm:^0.13.3":
  version: 0.13.11
  resolution: "regenerator-runtime@npm:0.13.11"
  checksum: 10c0/12b069dc774001fbb0014f6a28f11c09ebfe3c0d984d88c9bced77fdb6fedbacbca434d24da9ae9371bfbf23f754869307fb51a4c98a8b8b18e5ef748677ca24
  languageName: node
  linkType: hard

"safer-buffer@npm:>= 2.1.2 < 3.0.0":
  version: 2.1.2
  resolution: "safer-buffer@npm:2.1.2"
  checksum: 10c0/7e3c8b2e88a1841c9671094bbaeebd94448111dd90a81a1f606f3f67708a6ec57763b3b47f06da09fc6054193e0e6709e77325415dc8422b04497a8070fa02d4
  languageName: node
  linkType: hard

"sass@npm:^1.99.0":
  version: 1.99.0
  resolution: "sass@npm:1.99.0"
  dependencies:
    "@parcel/watcher": "npm:^2.4.1"
    chokidar: "npm:^4.0.0"
    immutable: "npm:^5.1.5"
    source-map-js: "npm:>=0.6.2 <2.0.0"
  dependenciesMeta:
    "@parcel/watcher":
      optional: true
  bin:
    sass: sass.js
  checksum: 10c0/83c54a8c6decb79fff50dd9500d7932cf1cb7c5d9be4bc42bd3d537402c37bbee062aea6efdbdf9fb0b8697b18177d60c72bf101872336b93b1c27a2dc3621e1
  languageName: node
  linkType: hard

"semver@npm:^7.3.5":
  version: 7.7.4
  resolution: "semver@npm:7.7.4"
  bin:
    semver: bin/semver.js
  checksum: 10c0/5215ad0234e2845d4ea5bb9d836d42b03499546ddafb12075566899fc617f68794bb6f146076b6881d755de17d6c6cc73372555879ec7dce2c2feee947866ad2
  languageName: node
  linkType: hard

"smart-buffer@npm:^4.2.0":
  version: 4.2.0
  resolution: "smart-buffer@npm:4.2.0"
  checksum: 10c0/a16775323e1404dd43fabafe7460be13a471e021637bc7889468eb45ce6a6b207261f454e4e530a19500cc962c4cc5348583520843b363f4193cee5c00e1e539
  languageName: node
  linkType: hard

"socks-proxy-agent@npm:^8.0.3":
  version: 8.0.5
  resolution: "socks-proxy-agent@npm:8.0.5"
  dependencies:
    agent-base: "npm:^7.1.2"
    debug: "npm:^4.3.4"
    socks: "npm:^2.8.3"
  checksum: 10c0/5d2c6cecba6821389aabf18728325730504bf9bb1d9e342e7987a5d13badd7a98838cc9a55b8ed3cb866ad37cc23e1086f09c4d72d93105ce9dfe76330e9d2a6
  languageName: node
  linkType: hard

"socks@npm:^2.8.3":
  version: 2.8.7
  resolution: "socks@npm:2.8.7"
  dependencies:
    ip-address: "npm:^10.0.1"
    smart-buffer: "npm:^4.2.0"
  checksum: 10c0/2805a43a1c4bcf9ebf6e018268d87b32b32b06fbbc1f9282573583acc155860dc361500f89c73bfbb157caa1b4ac78059eac0ef15d1811eb0ca75e0bdadbc9d2
  languageName: node
  linkType: hard

"source-map-js@npm:>=0.6.2 <2.0.0, source-map-js@npm:^1.2.1":
  version: 1.2.1
  resolution: "source-map-js@npm:1.2.1"
  checksum: 10c0/7bda1fc4c197e3c6ff17de1b8b2c20e60af81b63a52cb32ec5a5d67a20a7d42651e2cb34ebe93833c5a2a084377e17455854fee3e21e7925c64a51b6a52b0faf
  languageName: node
  linkType: hard

"spark-md5@npm:^3.0.1":
  version: 3.0.2
  resolution: "spark-md5@npm:3.0.2"
  checksum: 10c0/3fd11735eac5e7d60d6006d99ac0a055f148a89e9baf5f0b51ac103022dec30556b44190b37f6737ca50f81e8e50dc13e724f9edf6290c412ff5ab2101ce7780
  languageName: node
  linkType: hard

"ssri@npm:^13.0.0":
  version: 13.0.1
  resolution: "ssri@npm:13.0.1"
  dependencies:
    minipass: "npm:^7.0.3"
  checksum: 10c0/cf6408a18676c57ff2ed06b8a20dc64bb3e748e5c7e095332e6aecaa2b8422b1e94a739a8453bf65156a8a47afe23757ba4ab52d3ea3b62322dc40875763e17a
  languageName: node
  linkType: hard

"tar@npm:^7.5.4":
  version: 7.5.13
  resolution: "tar@npm:7.5.13"
  dependencies:
    "@isaacs/fs-minipass": "npm:^4.0.0"
    chownr: "npm:^3.0.0"
    minipass: "npm:^7.1.2"
    minizlib: "npm:^3.1.0"
    yallist: "npm:^5.0.0"
  checksum: 10c0/5c65b8084799bde7a791593a1c1a45d3d6ee98182e3700b24c247b7b8f8654df4191642abbdb07ff25043d45dcff35620827c3997b88ae6c12040f64bed5076b
  languageName: node
  linkType: hard

"tesseract.js-core@npm:^7.0.0":
  version: 7.0.0
  resolution: "tesseract.js-core@npm:7.0.0"
  checksum: 10c0/c1afee9f8aecf994bc4714fd879e57d04b995849345532872bdc3d8c82a59c4ebbb0acde14d2b24e6a3aec27cafee3d18931f2744496d603ae36241290108e17
  languageName: node
  linkType: hard

"tesseract.js@npm:^7.0.0":
  version: 7.0.0
  resolution: "tesseract.js@npm:7.0.0"
  dependencies:
    bmp-js: "npm:^0.1.0"
    idb-keyval: "npm:^6.2.0"
    is-url: "npm:^1.2.4"
    node-fetch: "npm:^2.6.9"
    opencollective-postinstall: "npm:^2.0.3"
    regenerator-runtime: "npm:^0.13.3"
    tesseract.js-core: "npm:^7.0.0"
    wasm-feature-detect: "npm:^1.8.0"
    zlibjs: "npm:^0.3.1"
  checksum: 10c0/daf5b153a9a06e0ab3365b33f4cc323e375d3a8b86a7df98031c19047623451aa3bfb293c295b0ebecd5c0781e42e43469d93ed4e7ba8a868b7a457120e609a1
  languageName: node
  linkType: hard

"tinyglobby@npm:^0.2.12":
  version: 0.2.15
  resolution: "tinyglobby@npm:0.2.15"
  dependencies:
    fdir: "npm:^6.5.0"
    picomatch: "npm:^4.0.3"
  checksum: 10c0/869c31490d0d88eedb8305d178d4c75e7463e820df5a9b9d388291daf93e8b1eb5de1dad1c1e139767e4269fe75f3b10d5009b2cc14db96ff98986920a186844
  languageName: node
  linkType: hard

"tr46@npm:~0.0.3":
  version: 0.0.3
  resolution: "tr46@npm:0.0.3"
  checksum: 10c0/047cb209a6b60c742f05c9d3ace8fa510bff609995c129a37ace03476a9b12db4dbf975e74600830ef0796e18882b2381fb5fb1f6b4f96b832c374de3ab91a11
  languageName: node
  linkType: hard

"trix@npm:^2.1.18":
  version: 2.1.18
  resolution: "trix@npm:2.1.18"
  dependencies:
    dompurify: "npm:^3.2.5"
  checksum: 10c0/1e6e4c6e993943e2bcfff36dee9a0ca652f2799a19e14f89278e9fa08b84fa96682928cda6c911ddf700208cb37f7b8483248d8eed0422887a588c2663bf22cf
  languageName: node
  linkType: hard

"tslib@npm:^2.8.1":
  version: 2.8.1
  resolution: "tslib@npm:2.8.1"
  checksum: 10c0/9c4759110a19c53f992d9aae23aac5ced636e99887b51b9e61def52611732872ff7668757d4e4c61f19691e36f4da981cd9485e869b4a7408d689f6bf1f14e62
  languageName: node
  linkType: hard

"update-browserslist-db@npm:^1.2.3":
  version: 1.2.3
  resolution: "update-browserslist-db@npm:1.2.3"
  dependencies:
    escalade: "npm:^3.2.0"
    picocolors: "npm:^1.1.1"
  peerDependencies:
    browserslist: ">= 4.21.0"
  bin:
    update-browserslist-db: cli.js
  checksum: 10c0/13a00355ea822388f68af57410ce3255941d5fb9b7c49342c4709a07c9f230bbef7f7499ae0ca7e0de532e79a82cc0c4edbd125f1a323a1845bf914efddf8bec
  languageName: node
  linkType: hard

"wasm-feature-detect@npm:^1.8.0":
  version: 1.8.0
  resolution: "wasm-feature-detect@npm:1.8.0"
  checksum: 10c0/2cb43e91bbf7aa7c121bc76b3133de3ab6dc4f482acc1d2dc46c528e8adb7a51c72df5c2aacf1d219f113c04efd1706f18274d5790542aa5dd49e0644e3ee665
  languageName: node
  linkType: hard

"webidl-conversions@npm:^3.0.0":
  version: 3.0.1
  resolution: "webidl-conversions@npm:3.0.1"
  checksum: 10c0/5612d5f3e54760a797052eb4927f0ddc01383550f542ccd33d5238cfd65aeed392a45ad38364970d0a0f4fea32e1f4d231b3d8dac4a3bdd385e5cf802ae097db
  languageName: node
  linkType: hard

"what-input@npm:^5.2.12":
  version: 5.2.12
  resolution: "what-input@npm:5.2.12"
  checksum: 10c0/151d30f6f97c20e4703cb1db93ec05a496cd3efdb27917a03f897da445132144c505203d814e00adf4227a70a521531ff8705d23ce5ed9bb5e91831ac2d775f2
  languageName: node
  linkType: hard

"whatwg-url@npm:^5.0.0":
  version: 5.0.0
  resolution: "whatwg-url@npm:5.0.0"
  dependencies:
    tr46: "npm:~0.0.3"
    webidl-conversions: "npm:^3.0.0"
  checksum: 10c0/1588bed84d10b72d5eec1d0faa0722ba1962f1821e7539c535558fb5398d223b0c50d8acab950b8c488b4ba69043fd833cc2697056b167d8ad46fac3995a55d5
  languageName: node
  linkType: hard

"which@npm:^6.0.0":
  version: 6.0.1
  resolution: "which@npm:6.0.1"
  dependencies:
    isexe: "npm:^4.0.0"
  bin:
    node-which: bin/which.js
  checksum: 10c0/7e710e54ea36d2d6183bee2f9caa27a3b47b9baf8dee55a199b736fcf85eab3b9df7556fca3d02b50af7f3dfba5ea3a45644189836df06267df457e354da66d5
  languageName: node
  linkType: hard

"yallist@npm:^4.0.0":
  version: 4.0.0
  resolution: "yallist@npm:4.0.0"
  checksum: 10c0/2286b5e8dbfe22204ab66e2ef5cc9bbb1e55dfc873bbe0d568aa943eb255d131890dfd5bf243637273d31119b870f49c18fcde2c6ffbb7a7a092b870dc90625a
  languageName: node
  linkType: hard

"yallist@npm:^5.0.0":
  version: 5.0.0
  resolution: "yallist@npm:5.0.0"
  checksum: 10c0/a499c81ce6d4a1d260d4ea0f6d49ab4da09681e32c3f0472dee16667ed69d01dae63a3b81745a24bd78476ec4fcf856114cb4896ace738e01da34b2c42235416
  languageName: node
  linkType: hard

"zlibjs@npm:^0.3.1":
  version: 0.3.1
  resolution: "zlibjs@npm:0.3.1"
  checksum: 10c0/2d110bfcb0f8b8dbf225423f6556da9c5bca95c8b849c1218983676158a24b5cd0350357e0c4d504e27f8c7e18d471d9712576f35114a81a51bcf83453f02beb
  languageName: node
  linkType: hard
